// !$*UTF8*$!
{
	archiveVersion = 1;
	classes = {
	};
	objectVersion = 46;
	objects = {

/* Begin PBXBuildFile section */
		08A6FF22142E7BBB00E8AB4B /* Cocoa.framework in Frameworks */ = {isa = PBXBuildFile; fileRef = 08A6FF21142E7BBB00E8AB4B /* Cocoa.framework */; };
		08A6FF2C142E7BBB00E8AB4B /* InfoPlist.strings in Resources */ = {isa = PBXBuildFile; fileRef = 08A6FF2A142E7BBB00E8AB4B /* InfoPlist.strings */; };
		08A6FF2E142E7BBB00E8AB4B /* main.m in Sources */ = {isa = PBXBuildFile; fileRef = 08A6FF2D142E7BBB00E8AB4B /* main.m */; };
		08A6FF32142E7BBB00E8AB4B /* Credits.rtf in Resources */ = {isa = PBXBuildFile; fileRef = 08A6FF30142E7BBB00E8AB4B /* Credits.rtf */; };
		08A6FF35142E7BBB00E8AB4B /* AppDelegate.m in Sources */ = {isa = PBXBuildFile; fileRef = 08A6FF34142E7BBB00E8AB4B /* AppDelegate.m */; };
		08A6FF38142E7BBB00E8AB4B /* MainMenu.xib in Resources */ = {isa = PBXBuildFile; fileRef = 08A6FF36142E7BBB00E8AB4B /* MainMenu.xib */; };
		08A6FF3F142E7C7000E8AB4B /* Vyana.framework in Frameworks */ = {isa = PBXBuildFile; fileRef = 08A6FF3E142E7C7000E8AB4B /* Vyana.framework */; };
		08A6FF41142E7CE400E8AB4B /* libWebSocketClient.a in Frameworks */ = {isa = PBXBuildFile; fileRef = 08A6FF40142E7CE400E8AB4B /* libWebSocketClient.a */; };
		08A6FF44142E7D7C00E8AB4B /* LogViewWindowController.m in Sources */ = {isa = PBXBuildFile; fileRef = 08A6FF43142E7D7C00E8AB4B /* LogViewWindowController.m */; };
		08A6FF46142E7D9600E8AB4B /* LogViewWindowController.xib in Resources */ = {isa = PBXBuildFile; fileRef = 08A6FF45142E7D9600E8AB4B /* LogViewWindowController.xib */; };
		08A6FF49142E83E900E8AB4B /* LogMessage.m in Sources */ = {isa = PBXBuildFile; fileRef = 08A6FF48142E83E900E8AB4B /* LogMessage.m */; };
		08A6FF4B142EBE1900E8AB4B /* DefaultDefaults.plist in Resources */ = {isa = PBXBuildFile; fileRef = 08A6FF4A142EBE1900E8AB4B /* DefaultDefaults.plist */; };
/* End PBXBuildFile section */

/* Begin PBXFileReference section */
		08A6FF1D142E7BBB00E8AB4B /* LogWatcher.app */ = {isa = PBXFileReference; explicitFileType = wrapper.application; includeInIndex = 0; path = LogWatcher.app; sourceTree = BUILT_PRODUCTS_DIR; };
		08A6FF21142E7BBB00E8AB4B /* Cocoa.framework */ = {isa = PBXFileReference; lastKnownFileType = wrapper.framework; name = Cocoa.framework; path = System/Library/Frameworks/Cocoa.framework; sourceTree = SDKROOT; };
		08A6FF24142E7BBB00E8AB4B /* AppKit.framework */ = {isa = PBXFileReference; lastKnownFileType = wrapper.framework; name = AppKit.framework; path = System/Library/Frameworks/AppKit.framework; sourceTree = SDKROOT; };
		08A6FF25142E7BBB00E8AB4B /* CoreData.framework */ = {isa = PBXFileReference; lastKnownFileType = wrapper.framework; name = CoreData.framework; path = System/Library/Frameworks/CoreData.framework; sourceTree = SDKROOT; };
		08A6FF26142E7BBB00E8AB4B /* Foundation.framework */ = {isa = PBXFileReference; lastKnownFileType = wrapper.framework; name = Foundation.framework; path = System/Library/Frameworks/Foundation.framework; sourceTree = SDKROOT; };
		08A6FF29142E7BBB00E8AB4B /* LogWatcher-Info.plist */ = {isa = PBXFileReference; lastKnownFileType = text.plist.xml; path = "LogWatcher-Info.plist"; sourceTree = "<group>"; };
		08A6FF2B142E7BBB00E8AB4B /* en */ = {isa = PBXFileReference; lastKnownFileType = text.plist.strings; name = en; path = en.lproj/InfoPlist.strings; sourceTree = "<group>"; };
		08A6FF2D142E7BBB00E8AB4B /* main.m */ = {isa = PBXFileReference; lastKnownFileType = sourcecode.c.objc; path = main.m; sourceTree = "<group>"; };
		08A6FF2F142E7BBB00E8AB4B /* LogWatcher-Prefix.pch */ = {isa = PBXFileReference; lastKnownFileType = sourcecode.c.h; path = "LogWatcher-Prefix.pch"; sourceTree = "<group>"; };
		08A6FF31142E7BBB00E8AB4B /* en */ = {isa = PBXFileReference; lastKnownFileType = text.rtf; name = en; path = en.lproj/Credits.rtf; sourceTree = "<group>"; };
		08A6FF33142E7BBB00E8AB4B /* AppDelegate.h */ = {isa = PBXFileReference; lastKnownFileType = sourcecode.c.h; path = AppDelegate.h; sourceTree = "<group>"; };
		08A6FF34142E7BBB00E8AB4B /* AppDelegate.m */ = {isa = PBXFileReference; lastKnownFileType = sourcecode.c.objc; path = AppDelegate.m; sourceTree = "<group>"; };
		08A6FF37142E7BBB00E8AB4B /* en */ = {isa = PBXFileReference; lastKnownFileType = file.xib; name = en; path = en.lproj/MainMenu.xib; sourceTree = "<group>"; };
		08A6FF3E142E7C7000E8AB4B /* Vyana.framework */ = {isa = PBXFileReference; lastKnownFileType = wrapper.framework; name = Vyana.framework; path = "../../../../rc2-bifgbvhkjunjdzdedsuuxbozykbm/Build/Products/Debug/Vyana.framework"; sourceTree = BUILT_PRODUCTS_DIR; };
		08A6FF40142E7CE400E8AB4B /* libWebSocketClient.a */ = {isa = PBXFileReference; lastKnownFileType = archive.ar; name = libWebSocketClient.a; path = ../3rdParty/UnittWebSocketClient/bin/libWebSocketClient.a; sourceTree = "<group>"; };
		08A6FF42142E7D7C00E8AB4B /* LogViewWindowController.h */ = {isa = PBXFileReference; fileEncoding = 4; lastKnownFileType = sourcecode.c.h; path = LogViewWindowController.h; sourceTree = "<group>"; };
		08A6FF43142E7D7C00E8AB4B /* LogViewWindowController.m */ = {isa = PBXFileReference; fileEncoding = 4; lastKnownFileType = sourcecode.c.objc; path = LogViewWindowController.m; sourceTree = "<group>"; };
		08A6FF45142E7D9600E8AB4B /* LogViewWindowController.xib */ = {isa = PBXFileReference; fileEncoding = 4; lastKnownFileType = file.xib; path = LogViewWindowController.xib; sourceTree = "<group>"; };
		08A6FF47142E83E900E8AB4B /* LogMessage.h */ = {isa = PBXFileReference; fileEncoding = 4; lastKnownFileType = sourcecode.c.h; path = LogMessage.h; sourceTree = "<group>"; };
		08A6FF48142E83E900E8AB4B /* LogMessage.m */ = {isa = PBXFileReference; fileEncoding = 4; lastKnownFileType = sourcecode.c.objc; path = LogMessage.m; sourceTree = "<group>"; };
		08A6FF4A142EBE1900E8AB4B /* DefaultDefaults.plist */ = {isa = PBXFileReference; fileEncoding = 4; lastKnownFileType = text.plist.xml; path = DefaultDefaults.plist; sourceTree = "<group>"; };
/* End PBXFileReference section */

/* Begin PBXFrameworksBuildPhase section */
		08A6FF1A142E7BBB00E8AB4B /* Frameworks */ = {
			isa = PBXFrameworksBuildPhase;
			buildActionMask = 2147483647;
			files = (
				08A6FF3F142E7C7000E8AB4B /* Vyana.framework in Frameworks */,
				08A6FF22142E7BBB00E8AB4B /* Cocoa.framework in Frameworks */,
				08A6FF41142E7CE400E8AB4B /* libWebSocketClient.a in Frameworks */,
			);
			runOnlyForDeploymentPostprocessing = 0;
		};
/* End PBXFrameworksBuildPhase section */

/* Begin PBXGroup section */
		08A6FF12142E7BBB00E8AB4B = {
			isa = PBXGroup;
			children = (
				08A6FF27142E7BBB00E8AB4B /* LogWatcher */,
				08A6FF20142E7BBB00E8AB4B /* Frameworks */,
				08A6FF1E142E7BBB00E8AB4B /* Products */,
			);
			sourceTree = "<group>";
		};
		08A6FF1E142E7BBB00E8AB4B /* Products */ = {
			isa = PBXGroup;
			children = (
				08A6FF1D142E7BBB00E8AB4B /* LogWatcher.app */,
			);
			name = Products;
			sourceTree = "<group>";
		};
		08A6FF20142E7BBB00E8AB4B /* Frameworks */ = {
			isa = PBXGroup;
			children = (
				08A6FF40142E7CE400E8AB4B /* libWebSocketClient.a */,
				08A6FF3E142E7C7000E8AB4B /* Vyana.framework */,
				08A6FF21142E7BBB00E8AB4B /* Cocoa.framework */,
				08A6FF23142E7BBB00E8AB4B /* Other Frameworks */,
			);
			name = Frameworks;
			sourceTree = "<group>";
		};
		08A6FF23142E7BBB00E8AB4B /* Other Frameworks */ = {
			isa = PBXGroup;
			children = (
				08A6FF24142E7BBB00E8AB4B /* AppKit.framework */,
				08A6FF25142E7BBB00E8AB4B /* CoreData.framework */,
				08A6FF26142E7BBB00E8AB4B /* Foundation.framework */,
			);
			name = "Other Frameworks";
			sourceTree = "<group>";
		};
		08A6FF27142E7BBB00E8AB4B /* LogWatcher */ = {
			isa = PBXGroup;
			children = (
				08A6FF33142E7BBB00E8AB4B /* AppDelegate.h */,
				08A6FF34142E7BBB00E8AB4B /* AppDelegate.m */,
				08A6FF36142E7BBB00E8AB4B /* MainMenu.xib */,
				08A6FF42142E7D7C00E8AB4B /* LogViewWindowController.h */,
				08A6FF43142E7D7C00E8AB4B /* LogViewWindowController.m */,
				08A6FF45142E7D9600E8AB4B /* LogViewWindowController.xib */,
				08A6FF47142E83E900E8AB4B /* LogMessage.h */,
				08A6FF48142E83E900E8AB4B /* LogMessage.m */,
				08A6FF28142E7BBB00E8AB4B /* Supporting Files */,
			);
			path = LogWatcher;
			sourceTree = "<group>";
		};
		08A6FF28142E7BBB00E8AB4B /* Supporting Files */ = {
			isa = PBXGroup;
			children = (
				08A6FF29142E7BBB00E8AB4B /* LogWatcher-Info.plist */,
				08A6FF2A142E7BBB00E8AB4B /* InfoPlist.strings */,
				08A6FF2D142E7BBB00E8AB4B /* main.m */,
				08A6FF2F142E7BBB00E8AB4B /* LogWatcher-Prefix.pch */,
				08A6FF30142E7BBB00E8AB4B /* Credits.rtf */,
				08A6FF4A142EBE1900E8AB4B /* DefaultDefaults.plist */,
			);
			name = "Supporting Files";
			sourceTree = "<group>";
		};
/* End PBXGroup section */

/* Begin PBXNativeTarget section */
		08A6FF1C142E7BBB00E8AB4B /* LogWatcher */ = {
			isa = PBXNativeTarget;
			buildConfigurationList = 08A6FF3B142E7BBB00E8AB4B /* Build configuration list for PBXNativeTarget "LogWatcher" */;
			buildPhases = (
				08A6FF19142E7BBB00E8AB4B /* Sources */,
				08A6FF1A142E7BBB00E8AB4B /* Frameworks */,
				08A6FF1B142E7BBB00E8AB4B /* Resources */,
			);
			buildRules = (
			);
			dependencies = (
			);
			name = LogWatcher;
			productName = LogWatcher;
			productReference = 08A6FF1D142E7BBB00E8AB4B /* LogWatcher.app */;
			productType = "com.apple.product-type.application";
		};
/* End PBXNativeTarget section */

/* Begin PBXProject section */
		08A6FF14142E7BBB00E8AB4B /* Project object */ = {
			isa = PBXProject;
			attributes = {
				LastUpgradeCheck = 0420;
				ORGANIZATIONNAME = "Agile Monks";
			};
			buildConfigurationList = 08A6FF17142E7BBB00E8AB4B /* Build configuration list for PBXProject "LogWatcher" */;
			compatibilityVersion = "Xcode 3.2";
			developmentRegion = English;
			hasScannedForEncodings = 0;
			knownRegions = (
				en,
			);
			mainGroup = 08A6FF12142E7BBB00E8AB4B;
			productRefGroup = 08A6FF1E142E7BBB00E8AB4B /* Products */;
			projectDirPath = "";
			projectRoot = "";
			targets = (
				08A6FF1C142E7BBB00E8AB4B /* LogWatcher */,
			);
		};
/* End PBXProject section */

/* Begin PBXResourcesBuildPhase section */
		08A6FF1B142E7BBB00E8AB4B /* Resources */ = {
			isa = PBXResourcesBuildPhase;
			buildActionMask = 2147483647;
			files = (
				08A6FF2C142E7BBB00E8AB4B /* InfoPlist.strings in Resources */,
				08A6FF32142E7BBB00E8AB4B /* Credits.rtf in Resources */,
				08A6FF38142E7BBB00E8AB4B /* MainMenu.xib in Resources */,
				08A6FF46142E7D9600E8AB4B /* LogViewWindowController.xib in Resources */,
				08A6FF4B142EBE1900E8AB4B /* DefaultDefaults.plist in Resources */,
			);
			runOnlyForDeploymentPostprocessing = 0;
		};
/* End PBXResourcesBuildPhase section */

/* Begin PBXSourcesBuildPhase section */
		08A6FF19142E7BBB00E8AB4B /* Sources */ = {
			isa = PBXSourcesBuildPhase;
			buildActionMask = 2147483647;
			files = (
				08A6FF2E142E7BBB00E8AB4B /* main.m in Sources */,
				08A6FF35142E7BBB00E8AB4B /* AppDelegate.m in Sources */,
				08A6FF44142E7D7C00E8AB4B /* LogViewWindowController.m in Sources */,
				08A6FF49142E83E900E8AB4B /* LogMessage.m in Sources */,
			);
			runOnlyForDeploymentPostprocessing = 0;
		};
/* End PBXSourcesBuildPhase section */

/* Begin PBXVariantGroup section */
		08A6FF2A142E7BBB00E8AB4B /* InfoPlist.strings */ = {
			isa = PBXVariantGroup;
			children = (
				08A6FF2B142E7BBB00E8AB4B /* en */,
			);
			name = InfoPlist.strings;
			sourceTree = "<group>";
		};
		08A6FF30142E7BBB00E8AB4B /* Credits.rtf */ = {
			isa = PBXVariantGroup;
			children = (
				08A6FF31142E7BBB00E8AB4B /* en */,
			);
			name = Credits.rtf;
			sourceTree = "<group>";
		};
		08A6FF36142E7BBB00E8AB4B /* MainMenu.xib */ = {
			isa = PBXVariantGroup;
			children = (
				08A6FF37142E7BBB00E8AB4B /* en */,
			);
			name = MainMenu.xib;
			sourceTree = "<group>";
		};
/* End PBXVariantGroup section */

/* Begin XCBuildConfiguration section */
		08A6FF39142E7BBB00E8AB4B /* Debug */ = {
			isa = XCBuildConfiguration;
			buildSettings = {
				ALWAYS_SEARCH_USER_PATHS = NO;
				ARCHS = "$(ARCHS_STANDARD_64_BIT)";
				CLANG_ENABLE_OBJC_ARC = YES;
				COPY_PHASE_STRIP = NO;
				GCC_C_LANGUAGE_STANDARD = gnu99;
				GCC_DYNAMIC_NO_PIC = NO;
				GCC_ENABLE_OBJC_EXCEPTIONS = YES;
				GCC_OPTIMIZATION_LEVEL = 0;
				GCC_PREPROCESSOR_DEFINITIONS = (
					"DEBUG=1",
					"$(inherited)",
				);
				GCC_SYMBOLS_PRIVATE_EXTERN = NO;
				GCC_VERSION = com.apple.compilers.llvm.clang.1_0;
				GCC_WARN_64_TO_32_BIT_CONVERSION = YES;
				GCC_WARN_ABOUT_MISSING_PROTOTYPES = YES;
				GCC_WARN_ABOUT_RETURN_TYPE = YES;
				GCC_WARN_UNUSED_VARIABLE = YES;
				MACOSX_DEPLOYMENT_TARGET = 10.7;
				ONLY_ACTIVE_ARCH = YES;
				SDKROOT = macosx;
			};
			name = Debug;
		};
		08A6FF3A142E7BBB00E8AB4B /* Release */ = {
			isa = XCBuildConfiguration;
			buildSettings = {
				ALWAYS_SEARCH_USER_PATHS = NO;
				ARCHS = "$(ARCHS_STANDARD_64_BIT)";
				CLANG_ENABLE_OBJC_ARC = YES;
				COPY_PHASE_STRIP = YES;
				DEBUG_INFORMATION_FORMAT = "dwarf-with-dsym";
				GCC_C_LANGUAGE_STANDARD = gnu99;
				GCC_ENABLE_OBJC_EXCEPTIONS = YES;
				GCC_VERSION = com.apple.compilers.llvm.clang.1_0;
				GCC_WARN_64_TO_32_BIT_CONVERSION = YES;
				GCC_WARN_ABOUT_MISSING_PROTOTYPES = YES;
				GCC_WARN_ABOUT_RETURN_TYPE = YES;
				GCC_WARN_UNUSED_VARIABLE = YES;
				MACOSX_DEPLOYMENT_TARGET = 10.7;
				SDKROOT = macosx;
			};
			name = Release;
		};
		08A6FF3C142E7BBB00E8AB4B /* Debug */ = {
			isa = XCBuildConfiguration;
			buildSettings = {
				GCC_PRECOMPILE_PREFIX_HEADER = YES;
				GCC_PREFIX_HEADER = "LogWatcher/LogWatcher-Prefix.pch";
				HEADER_SEARCH_PATHS = "\"$(SRCROOT)/../3rdparty/UnittWebSocketClient/include\"";
				INFOPLIST_FILE = "LogWatcher/LogWatcher-Info.plist";
				LIBRARY_SEARCH_PATHS = (
					"$(inherited)",
					"\"$(SRCROOT)/../3rdParty/UnittWebSocketClient/bin\"",
				);
				PRODUCT_NAME = "$(TARGET_NAME)";
				WRAPPER_EXTENSION = app;
			};
			name = Debug;
		};
		08A6FF3D142E7BBB00E8AB4B /* Release */ = {
			isa = XCBuildConfiguration;
			buildSettings = {
				GCC_PRECOMPILE_PREFIX_HEADER = YES;
				GCC_PREFIX_HEADER = "LogWatcher/LogWatcher-Prefix.pch";
				HEADER_SEARCH_PATHS = "\"$(SRCROOT)/../3rdparty/UnittWebSocketClient/include\"";
				INFOPLIST_FILE = "LogWatcher/LogWatcher-Info.plist";
				LIBRARY_SEARCH_PATHS = (
					"$(inherited)",
					"\"$(SRCROOT)/../3rdParty/UnittWebSocketClient/bin\"",
				);
				PRODUCT_NAME = "$(TARGET_NAME)";
				WRAPPER_EXTENSION = app;
			};
			name = Release;
		};
/* End XCBuildConfiguration section */

/* Begin XCConfigurationList section */
		08A6FF17142E7BBB00E8AB4B /* Build configuration list for PBXProject "LogWatcher" */ = {
			isa = XCConfigurationList;
			buildConfigurations = (
				08A6FF39142E7BBB00E8AB4B /* Debug */,
				08A6FF3A142E7BBB00E8AB4B /* Release */,
			);
			defaultConfigurationIsVisible = 0;
			defaultConfigurationName = Release;
		};
		08A6FF3B142E7BBB00E8AB4B /* Build configuration list for PBXNativeTarget "LogWatcher" */ = {
			isa = XCConfigurationList;
			buildConfigurations = (
				08A6FF3C142E7BBB00E8AB4B /* Debug */,
				08A6FF3D142E7BBB00E8AB4B /* Release */,
			);
			defaultConfigurationIsVisible = 0;
		};
/* End XCConfigurationList section */
	};
	rootObject = 08A6FF14142E7BBB00E8AB4B /* Project object */;
}
